// !$*UTF8*$!
{
	archiveVersion = 1;
	classes = {
	};
	objectVersion = 46;
	objects = {

/* Begin PBXBuildFile section */
		AA19F5D31D7FBB180062A679 /* 《动物世界》主题曲.mp3 in Resources */ = {isa = PBXBuildFile; fileRef = AA19F5CD1D7FBB180062A679 /* 《动物世界》主题曲.mp3 */; };
		AA19F5D41D7FBB180062A679 /* 星空.mp3 in Resources */ = {isa = PBXBuildFile; fileRef = AA19F5CE1D7FBB180062A679 /* 星空.mp3 */; };
		AA19F5D51D7FBB180062A679 /* Adagio.mp3 in Resources */ = {isa = PBXBuildFile; fileRef = AA19F5CF1D7FBB180062A679 /* Adagio.mp3 */; };
		AA19F5D61D7FBB180062A679 /* Merry Christmas Mr. Lawrence.mp3 in Resources */ = {isa = PBXBuildFile; fileRef = AA19F5D01D7FBB180062A679 /* Merry Christmas Mr. Lawrence.mp3 */; };
		AA19F5D71D7FBB180062A679 /* Song From A Secret Garden.mp3 in Resources */ = {isa = PBXBuildFile; fileRef = AA19F5D11D7FBB180062A679 /* Song From A Secret Garden.mp3 */; };
		AA19F5D81D7FBB180062A679 /* The Fox.mp3 in Resources */ = {isa = PBXBuildFile; fileRef = AA19F5D21D7FBB180062A679 /* The Fox.mp3 */; };
		AA3EC6F81D7BF76200AB5866 /* main.m in Sources */ = {isa = PBXBuildFile; fileRef = AA3EC6F71D7BF76200AB5866 /* main.m */; };
		AA3EC6FB1D7BF76200AB5866 /* AppDelegate.m in Sources */ = {isa = PBXBuildFile; fileRef = AA3EC6FA1D7BF76200AB5866 /* AppDelegate.m */; };
		AA3EC7011D7BF76200AB5866 /* Main.storyboard in Resources */ = {isa = PBXBuildFile; fileRef = AA3EC6FF1D7BF76200AB5866 /* Main.storyboard */; };
		AA3EC7031D7BF76200AB5866 /* Assets.xcassets in Resources */ = {isa = PBXBuildFile; fileRef = AA3EC7021D7BF76200AB5866 /* Assets.xcassets */; };
		AA3EC7061D7BF76200AB5866 /* LaunchScreen.storyboard in Resources */ = {isa = PBXBuildFile; fileRef = AA3EC7041D7BF76200AB5866 /* LaunchScreen.storyboard */; };
		AA3EC70F1D7BF77D00AB5866 /* MusicTableViewController.m in Sources */ = {isa = PBXBuildFile; fileRef = AA3EC70E1D7BF77D00AB5866 /* MusicTableViewController.m */; };
		AA3EC7121D7BF89400AB5866 /* MusicTableViewCell.m in Sources */ = {isa = PBXBuildFile; fileRef = AA3EC7111D7BF89400AB5866 /* MusicTableViewCell.m */; };
		AA3EC7221D7C249900AB5866 /* MusicDataSource.m in Sources */ = {isa = PBXBuildFile; fileRef = AA3EC7211D7C249900AB5866 /* MusicDataSource.m */; };
		AA3EC7251D7C37D200AB5866 /* NSString+stringByDecodingURLFormat.m in Sources */ = {isa = PBXBuildFile; fileRef = AA3EC7241D7C37D200AB5866 /* NSString+stringByDecodingURLFormat.m */; };
/* End PBXBuildFile section */

/* Begin PBXFileReference section */
		AA19F5CD1D7FBB180062A679 /* 《动物世界》主题曲.mp3 */ = {isa = PBXFileReference; lastKnownFileType = audio.mp3; path = "《动物世界》主题曲.mp3"; sourceTree = "<group>"; };
		AA19F5CE1D7FBB180062A679 /* 星空.mp3 */ = {isa = PBXFileReference; lastKnownFileType = audio.mp3; path = "星空.mp3"; sourceTree = "<group>"; };
		AA19F5CF1D7FBB180062A679 /* Adagio.mp3 */ = {isa = PBXFileReference; lastKnownFileType = audio.mp3; path = Adagio.mp3; sourceTree = "<group>"; };
		AA19F5D01D7FBB180062A679 /* Merry Christmas Mr. Lawrence.mp3 */ = {isa = PBXFileReference; lastKnownFileType = audio.mp3; path = "Merry Christmas Mr. Lawrence.mp3"; sourceTree = "<group>"; };
		AA19F5D11D7FBB180062A679 /* Song From A Secret Garden.mp3 */ = {isa = PBXFileReference; lastKnownFileType = audio.mp3; path = "Song From A Secret Garden.mp3"; sourceTree = "<group>"; };
		AA19F5D21D7FBB180062A679 /* The Fox.mp3 */ = {isa = PBXFileReference; lastKnownFileType = audio.mp3; path = "The Fox.mp3"; sourceTree = "<group>"; };
		AA3EC6F31D7BF76200AB5866 /* MusicApp.app */ = {isa = PBXFileReference; explicitFileType = wrapper.application; includeInIndex = 0; path = MusicApp.app; sourceTree = BUILT_PRODUCTS_DIR; };
		AA3EC6F71D7BF76200AB5866 /* main.m */ = {isa = PBXFileReference; lastKnownFileType = sourcecode.c.objc; path = main.m; sourceTree = "<group>"; };
		AA3EC6F91D7BF76200AB5866 /* AppDelegate.h */ = {isa = PBXFileReference; lastKnownFileType = sourcecode.c.h; path = AppDelegate.h; sourceTree = "<group>"; };
		AA3EC6FA1D7BF76200AB5866 /* AppDelegate.m */ = {isa = PBXFileReference; lastKnownFileType = sourcecode.c.objc; path = AppDelegate.m; sourceTree = "<group>"; };
		AA3EC7001D7BF76200AB5866 /* Base */ = {isa = PBXFileReference; lastKnownFileType = file.storyboard; name = Base; path = Base.lproj/Main.storyboard; sourceTree = "<group>"; };
		AA3EC7021D7BF76200AB5866 /* Assets.xcassets */ = {isa = PBXFileReference; lastKnownFileType = folder.assetcatalog; path = Assets.xcassets; sourceTree = "<group>"; };
		AA3EC7051D7BF76200AB5866 /* Base */ = {isa = PBXFileReference; lastKnownFileType = file.storyboard; name = Base; path = Base.lproj/LaunchScreen.storyboard; sourceTree = "<group>"; };
		AA3EC7071D7BF76200AB5866 /* Info.plist */ = {isa = PBXFileReference; lastKnownFileType = text.plist.xml; path = Info.plist; sourceTree = "<group>"; };
		AA3EC70D1D7BF77D00AB5866 /* MusicTableViewController.h */ = {isa = PBXFileReference; fileEncoding = 4; lastKnownFileType = sourcecode.c.h; path = MusicTableViewController.h; sourceTree = "<group>"; };
		AA3EC70E1D7BF77D00AB5866 /* MusicTableViewController.m */ = {isa = PBXFileReference; fileEncoding = 4; lastKnownFileType = sourcecode.c.objc; path = MusicTableViewController.m; sourceTree = "<group>"; };
		AA3EC7101D7BF89400AB5866 /* MusicTableViewCell.h */ = {isa = PBXFileReference; fileEncoding = 4; lastKnownFileType = sourcecode.c.h; path = MusicTableViewCell.h; sourceTree = "<group>"; };
		AA3EC7111D7BF89400AB5866 /* MusicTableViewCell.m */ = {isa = PBXFileReference; fileEncoding = 4; lastKnownFileType = sourcecode.c.objc; path = MusicTableViewCell.m; sourceTree = "<group>"; };
		AA3EC7201D7C249900AB5866 /* MusicDataSource.h */ = {isa = PBXFileReference; fileEncoding = 4; lastKnownFileType = sourcecode.c.h; path = MusicDataSource.h; sourceTree = "<group>"; };
		AA3EC7211D7C249900AB5866 /* MusicDataSource.m */ = {isa = PBXFileReference; fileEncoding = 4; lastKnownFileType = sourcecode.c.objc; path = MusicDataSource.m; sourceTree = "<group>"; };
		AA3EC7231D7C37D200AB5866 /* NSString+stringByDecodingURLFormat.h */ = {isa = PBXFileReference; fileEncoding = 4; lastKnownFileType = sourcecode.c.h; path = "NSString+stringByDecodingURLFormat.h"; sourceTree = "<group>"; };
		AA3EC7241D7C37D200AB5866 /* NSString+stringByDecodingURLFormat.m */ = {isa = PBXFileReference; fileEncoding = 4; lastKnownFileType = sourcecode.c.objc; path = "NSString+stringByDecodingURLFormat.m"; sourceTree = "<group>"; };
/* End PBXFileReference section */

/* Begin PBXFrameworksBuildPhase section */
		AA3EC6F01D7BF76200AB5866 /* Frameworks */ = {
			isa = PBXFrameworksBuildPhase;
			buildActionMask = 2147483647;
			files = (
			);
			runOnlyForDeploymentPostprocessing = 0;
		};
/* End PBXFrameworksBuildPhase section */

/* Begin PBXGroup section */
		AA3EC6EA1D7BF76200AB5866 = {
			isa = PBXGroup;
			children = (
				AA3EC6F51D7BF76200AB5866 /* MusicApp */,
				AA3EC6F41D7BF76200AB5866 /* Products */,
			);
			sourceTree = "<group>";
		};
		AA3EC6F41D7BF76200AB5866 /* Products */ = {
			isa = PBXGroup;
			children = (
				AA3EC6F31D7BF76200AB5866 /* MusicApp.app */,
			);
			name = Products;
			sourceTree = "<group>";
		};
		AA3EC6F51D7BF76200AB5866 /* MusicApp */ = {
			isa = PBXGroup;
			children = (
				AA3EC7131D7C245600AB5866 /* mp3 */,
				AA3EC6F91D7BF76200AB5866 /* AppDelegate.h */,
				AA3EC6FA1D7BF76200AB5866 /* AppDelegate.m */,
				AA3EC6FF1D7BF76200AB5866 /* Main.storyboard */,
				AA3EC7021D7BF76200AB5866 /* Assets.xcassets */,
				AA3EC7041D7BF76200AB5866 /* LaunchScreen.storyboard */,
				AA3EC7071D7BF76200AB5866 /* Info.plist */,
				AA3EC6F61D7BF76200AB5866 /* Supporting Files */,
				AA3EC70D1D7BF77D00AB5866 /* MusicTableViewController.h */,
				AA3EC70E1D7BF77D00AB5866 /* MusicTableViewController.m */,
				AA3EC7101D7BF89400AB5866 /* MusicTableViewCell.h */,
				AA3EC7111D7BF89400AB5866 /* MusicTableViewCell.m */,
				AA3EC7201D7C249900AB5866 /* MusicDataSource.h */,
				AA3EC7211D7C249900AB5866 /* MusicDataSource.m */,
				AA3EC7231D7C37D200AB5866 /* NSString+stringByDecodingURLFormat.h */,
				AA3EC7241D7C37D200AB5866 /* NSString+stringByDecodingURLFormat.m */,
			);
			path = MusicApp;
			sourceTree = "<group>";
		};
		AA3EC6F61D7BF76200AB5866 /* Supporting Files */ = {
			isa = PBXGroup;
			children = (
				AA3EC6F71D7BF76200AB5866 /* main.m */,
			);
			name = "Supporting Files";
			sourceTree = "<group>";
		};
		AA3EC7131D7C245600AB5866 /* mp3 */ = {
			isa = PBXGroup;
			children = (
				AA19F5CD1D7FBB180062A679 /* 《动物世界》主题曲.mp3 */,
				AA19F5CE1D7FBB180062A679 /* 星空.mp3 */,
				AA19F5CF1D7FBB180062A679 /* Adagio.mp3 */,
				AA19F5D01D7FBB180062A679 /* Merry Christmas Mr. Lawrence.mp3 */,
				AA19F5D11D7FBB180062A679 /* Song From A Secret Garden.mp3 */,
				AA19F5D21D7FBB180062A679 /* The Fox.mp3 */,
			);
			name = mp3;
			sourceTree = "<group>";
		};
/* End PBXGroup section */

/* Begin PBXNativeTarget section */
		AA3EC6F21D7BF76200AB5866 /* MusicApp */ = {
			isa = PBXNativeTarget;
			buildConfigurationList = AA3EC70A1D7BF76200AB5866 /* Build configuration list for PBXNativeTarget "MusicApp" */;
			buildPhases = (
				AA3EC6EF1D7BF76200AB5866 /* Sources */,
				AA3EC6F01D7BF76200AB5866 /* Frameworks */,
				AA3EC6F11D7BF76200AB5866 /* Resources */,
			);
			buildRules = (
			);
			dependencies = (
			);
			name = MusicApp;
			productName = MusicApp;
			productReference = AA3EC6F31D7BF76200AB5866 /* MusicApp.app */;
			productType = "com.apple.product-type.application";
		};
/* End PBXNativeTarget section */

/* Begin PBXProject section */
		AA3EC6EB1D7BF76200AB5866 /* Project object */ = {
			isa = PBXProject;
			attributes = {
				LastUpgradeCheck = 0730;
				ORGANIZATIONNAME = sujian;
				TargetAttributes = {
					AA3EC6F21D7BF76200AB5866 = {
						CreatedOnToolsVersion = 7.3.1;
						DevelopmentTeam = ZHDZB47VKB;
						SystemCapabilities = {
							com.apple.BackgroundModes = {
								enabled = 1;
							};
						};
					};
				};
			};
			buildConfigurationList = AA3EC6EE1D7BF76200AB5866 /* Build configuration list for PBXProject "MusicApp" */;
			compatibilityVersion = "Xcode 3.2";
			developmentRegion = English;
			hasScannedForEncodings = 0;
			knownRegions = (
				en,
				Base,
			);
			mainGroup = AA3EC6EA1D7BF76200AB5866;
			productRefGroup = AA3EC6F41D7BF76200AB5866 /* Products */;
			projectDirPath = "";
			projectRoot = "";
			targets = (
				AA3EC6F21D7BF76200AB5866 /* MusicApp */,
			);
		};
/* End PBXProject section */

/* Begin PBXResourcesBuildPhase section */
		AA3EC6F11D7BF76200AB5866 /* Resources */ = {
			isa = PBXResourcesBuildPhase;
			buildActionMask = 2147483647;
			files = (
				AA19F5D71D7FBB180062A679 /* Song From A Secret Garden.mp3 in Resources */,
				AA19F5D31D7FBB180062A679 /* 《动物世界》主题曲.mp3 in Resources */,
				AA3EC7061D7BF76200AB5866 /* LaunchScreen.storyboard in Resources */,
				AA3EC7031D7BF76200AB5866 /* Assets.xcassets in Resources */,
				AA19F5D81D7FBB180062A679 /* The Fox.mp3 in Resources */,
				AA3EC7011D7BF76200AB5866 /* Main.storyboard in Resources */,
				AA19F5D41D7FBB180062A679 /* 星空.mp3 in Resources */,
				AA19F5D51D7FBB180062A679 /* Adagio.mp3 in Resources */,
				AA19F5D61D7FBB180062A679 /* Merry Christmas Mr. Lawrence.mp3 in Resources */,
			);
			runOnlyForDeploymentPostprocessing = 0;
		};
/* End PBXResourcesBuildPhase section */

/* Begin PBXSourcesBuildPhase section */
		AA3EC6EF1D7BF76200AB5866 /* Sources */ = {
			isa = PBXSourcesBuildPhase;
			buildActionMask = 2147483647;
			files = (
				AA3EC7221D7C249900AB5866 /* MusicDataSource.m in Sources */,
				AA3EC7251D7C37D200AB5866 /* NSString+stringByDecodingURLFormat.m in Sources */,
				AA3EC6FB1D7BF76200AB5866 /* AppDelegate.m in Sources */,
				AA3EC70F1D7BF77D00AB5866 /* MusicTableViewController.m in Sources */,
				AA3EC6F81D7BF76200AB5866 /* main.m in Sources */,
				AA3EC7121D7BF89400AB5866 /* MusicTableViewCell.m in Sources */,
			);
			runOnlyForDeploymentPostprocessing = 0;
		};
/* End PBXSourcesBuildPhase section */

/* Begin PBXVariantGroup section */
		AA3EC6FF1D7BF76200AB5866 /* Main.storyboard */ = {
			isa = PBXVariantGroup;
			children = (
				AA3EC7001D7BF76200AB5866 /* Base */,
			);
			name = Main.storyboard;
			sourceTree = "<group>";
		};
		AA3EC7041D7BF76200AB5866 /* LaunchScreen.storyboard */ = {
			isa = PBXVariantGroup;
			children = (
				AA3EC7051D7BF76200AB5866 /* Base */,
			);
			name = LaunchScreen.storyboard;
			sourceTree = "<group>";
		};
/* End PBXVariantGroup section */

/* Begin XCBuildConfiguration section */
		AA3EC7081D7BF76200AB5866 /* Debug */ = {
			isa = XCBuildConfiguration;
			buildSettings = {
				ALWAYS_SEARCH_USER_PATHS = NO;
				CLANG_ANALYZER_NONNULL = YES;
				CLANG_CXX_LANGUAGE_STANDARD = "gnu++0x";
				CLANG_CXX_LIBRARY = "libc++";
				CLANG_ENABLE_MODULES = YES;
				CLANG_ENABLE_OBJC_ARC = YES;
				CLANG_WARN_BOOL_CONVERSION = YES;
				CLANG_WARN_CONSTANT_CONVERSION = YES;
				CLANG_WARN_DIRECT_OBJC_ISA_USAGE = YES_ERROR;
				CLANG_WARN_EMPTY_BODY = YES;
				CLANG_WARN_ENUM_CONVERSION = YES;
				CLANG_WARN_INT_CONVERSION = YES;
				CLANG_WARN_OBJC_ROOT_CLASS = YES_ERROR;
				CLANG_WARN_UNREACHABLE_CODE = YES;
				CLANG_WARN__DUPLICATE_METHOD_MATCH = YES;
				"CODE_SIGN_IDENTITY[sdk=iphoneos*]" = "iPhone Developer";
				COPY_PHASE_STRIP = NO;
				DEBUG_INFORMATION_FORMAT = dwarf;
				ENABLE_STRICT_OBJC_MSGSEND = YES;
				ENABLE_TESTABILITY = YES;
				GCC_C_LANGUAGE_STANDARD = gnu99;
				GCC_DYNAMIC_NO_PIC = NO;
				GCC_NO_COMMON_BLOCKS = YES;
				GCC_OPTIMIZATION_LEVEL = 0;
				GCC_PREPROCESSOR_DEFINITIONS = (
					"DEBUG=1",
					"$(inherited)",
				);
				GCC_WARN_64_TO_32_BIT_CONVERSION = YES;
				GCC_WARN_ABOUT_RETURN_TYPE = YES_ERROR;
				GCC_WARN_UNDECLARED_SELECTOR = YES;
				GCC_WARN_UNINITIALIZED_AUTOS = YES_AGGRESSIVE;
				GCC_WARN_UNUSED_FUNCTION = YES;
				GCC_WARN_UNUSED_VARIABLE = YES;
				IPHONEOS_DEPLOYMENT_TARGET = 9.3;
				MTL_ENABLE_DEBUG_INFO = YES;
				ONLY_ACTIVE_ARCH = YES;
				SDKROOT = iphoneos;
			};
			name = Debug;
		};
		AA3EC7091D7BF76200AB5866 /* Release */ = {
			isa = XCBuildConfiguration;
			buildSettings = {
				ALWAYS_SEARCH_USER_PATHS = NO;
				CLANG_ANALYZER_NONNULL = YES;
				CLANG_CXX_LANGUAGE_STANDARD = "gnu++0x";
				CLANG_CXX_LIBRARY = "libc++";
				CLANG_ENABLE_MODULES = YES;
				CLANG_ENABLE_OBJC_ARC = YES;
				CLANG_WARN_BOOL_CONVERSION = YES;
				CLANG_WARN_CONSTANT_CONVERSION = YES;
				CLANG_WARN_DIRECT_OBJC_ISA_USAGE = YES_ERROR;
				CLANG_WARN_EMPTY_BODY = YES;
				CLANG_WARN_ENUM_CONVERSION = YES;
				CLANG_WARN_INT_CONVERSION = YES;
				CLANG_WARN_OBJC_ROOT_CLASS = YES_ERROR;
				CLANG_WARN_UNREACHABLE_CODE = YES;
				CLANG_WARN__DUPLICATE_METHOD_MATCH = YES;
				"CODE_SIGN_IDENTITY[sdk=iphoneos*]" = "iPhone Developer";
				COPY_PHASE_STRIP = NO;
				DEBUG_INFORMATION_FORMAT = "dwarf-with-dsym";
				ENABLE_NS_ASSERTIONS = NO;
				ENABLE_STRICT_OBJC_MSGSEND = YES;
				GCC_C_LANGUAGE_STANDARD = gnu99;
				GCC_NO_COMMON_BLOCKS = YES;
				GCC_WARN_64_TO_32_BIT_CONVERSION = YES;
				GCC_WARN_ABOUT_RETURN_TYPE = YES_ERROR;
				GCC_WARN_UNDECLARED_SELECTOR = YES;
				GCC_WARN_UNINITIALIZED_AUTOS = YES_AGGRESSIVE;
				GCC_WARN_UNUSED_FUNCTION = YES;
				GCC_WARN_UNUSED_VARIABLE = YES;
				IPHONEOS_DEPLOYMENT_TARGET = 9.3;
				MTL_ENABLE_DEBUG_INFO = NO;
				SDKROOT = iphoneos;
				VALIDATE_PRODUCT = YES;
			};
			name = Release;
		};
		AA3EC70B1D7BF76200AB5866 /* Debug */ = {
			isa = XCBuildConfiguration;
			buildSettings = {
				ASSETCATALOG_COMPILER_APPICON_NAME = AppIcon;
				DEVELOPMENT_TEAM = ZHDZB47VKB;
				INFOPLIST_FILE = MusicApp/Info.plist;
				LD_RUNPATH_SEARCH_PATHS = "$(inherited) @executable_path/Frameworks";
				PRODUCT_BUNDLE_IDENTIFIER = FutureDial.MusicApp;
				PRODUCT_NAME = "$(TARGET_NAME)";
			};
			name = Debug;
		};
		AA3EC70C1D7BF76200AB5866 /* Release */ = {
			isa = XCBuildConfiguration;
			buildSettings = {
				ASSETCATALOG_COMPILER_APPICON_NAME = AppIcon;
				DEVELOPMENT_TEAM = ZHDZB47VKB;
				INFOPLIST_FILE = MusicApp/Info.plist;
				LD_RUNPATH_SEARCH_PATHS = "$(inherited) @executable_path/Frameworks";
				PRODUCT_BUNDLE_IDENTIFIER = FutureDial.MusicApp;
				PRODUCT_NAME = "$(TARGET_NAME)";
			};
			name = Release;
		};
/* End XCBuildConfiguration section */

/* Begin XCConfigurationList section */
		AA3EC6EE1D7BF76200AB5866 /* Build configuration list for PBXProject "MusicApp" */ = {
			isa = XCConfigurationList;
			buildConfigurations = (
				AA3EC7081D7BF76200AB5866 /* Debug */,
				AA3EC7091D7BF76200AB5866 /* Release */,
			);
			defaultConfigurationIsVisible = 0;
			defaultConfigurationName = Release;
		};
		AA3EC70A1D7BF76200AB5866 /* Build configuration list for PBXNativeTarget "MusicApp" */ = {
			isa = XCConfigurationList;
			buildConfigurations = (
				AA3EC70B1D7BF76200AB5866 /* Debug */,
				AA3EC70C1D7BF76200AB5866 /* Release */,
			);
			defaultConfigurationIsVisible = 0;
			defaultConfigurationName = Release;
		};
/* End XCConfigurationList section */
	};
	rootObject = AA3EC6EB1D7BF76200AB5866 /* Project object */;
}
